# THIS IS AN AUTOGENERATED FILE. DO NOT EDIT THIS FILE DIRECTLY.
# yarn lockfile v1


"@types/get-port@^3.2.0":
  version "3.2.0"
  resolved "http://registry.npm.taobao.org/@types/get-port/download/@types/get-port-3.2.0.tgz#f9e0a11443cc21336470185eae3dfba4495d29bc"

get-port@^3.2.0:
  version "3.2.0"
  resolved "http://registry.npm.taobao.org/get-port/download/get-port-3.2.0.tgz#dd7ce7de187c06c8bf353796ac71e099f0980ebc"

tslib@^1.9.2:
  version "1.9.2"
  resolved "http://registry.npm.taobao.org/tslib/download/tslib-1.9.2.tgz#8be0cc9a1f6dc7727c38deb16c2ebd1a2892988e"

typescript@^2.9.1:
  version "2.9.1"
  resolved "http://registry.npm.taobao.org/typescript/download/typescript-2.9.1.tgz#fdb19d2c67a15d11995fd15640e373e09ab09961"
